
Microsoft Visual Studio Solution File, Format Version 12.00
# Visual Studio 14
VisualStudioVersion = 14.0.23107.0
MinimumVisualStudioVersion = 10.0.40219.1
Project("{FAE04EC0-301F-11D3-BF4B-00C04F79EFBC}") = "PHttp", "PHttp\PHttp.csproj", "{C29FCC70-40CE-4E99-9C3C-CFD5D358F078}"
EndProject
Project("{FAE04EC0-301F-11D3-BF4B-00C04F79EFBC}") = "Mvc", "Mvc\Mvc.csproj", "{4E1ACF75-26EF-4F9A-BEC0-526A4CF5E2CF}"
EndProject
Project("{FAE04EC0-301F-11D3-BF4B-00C04F79EFBC}") = "App", "App\App.csproj", "{9079CCC3-21FF-42CC-A6DA-9313B1D44FF2}"
EndProject
Project("{FAE04EC0-301F-11D3-BF4B-00C04F79EFBC}") = "Franci_Framework", "Franci_Framework\Franci_Framework.csproj", "{8299FB6C-56A3-44BC-B0F4-2513C3C97935}"
EndProject
Project("{FAE04EC0-301F-11D3-BF4B-00C04F79EFBC}") = "App1", "App1\App1.csproj", "{68CB6415-EF6C-4FAE-8A8B-A5C22BCDCE3A}"
EndProject
Global
	GlobalSection(SolutionConfigurationPlatforms) = preSolution
		Debug|Any CPU = Debug|Any CPU
		Release|Any CPU = Release|Any CPU
	EndGlobalSection
	GlobalSection(ProjectConfigurationPlatforms) = postSolution
		{C29FCC70-40CE-4E99-9C3C-CFD5D358F078}.Debug|Any CPU.ActiveCfg = Debug|Any CPU
		{C29FCC70-40CE-4E99-9C3C-CFD5D358F078}.Debug|Any CPU.Build.0 = Debug|Any CPU
		{C29FCC70-40CE-4E99-9C3C-CFD5D358F078}.Release|Any CPU.ActiveCfg = Release|Any CPU
		{C29FCC70-40CE-4E99-9C3C-CFD5D358F078}.Release|Any CPU.Build.0 = Release|Any CPU
		{4E1ACF75-26EF-4F9A-BEC0-526A4CF5E2CF}.Debug|Any CPU.ActiveCfg = Debug|Any CPU
		{4E1ACF75-26EF-4F9A-BEC0-526A4CF5E2CF}.Debug|Any CPU.Build.0 = Debug|Any CPU
		{4E1ACF75-26EF-4F9A-BEC0-526A4CF5E2CF}.Release|Any CPU.ActiveCfg = Release|Any CPU
		{4E1ACF75-26EF-4F9A-BEC0-526A4CF5E2CF}.Release|Any CPU.Build.0 = Release|Any CPU
		{9079CCC3-21FF-42CC-A6DA-9313B1D44FF2}.Debug|Any CPU.ActiveCfg = Debug|Any CPU
		{9079CCC3-21FF-42CC-A6DA-9313B1D44FF2}.Debug|Any CPU.Build.0 = Debug|Any CPU
		{9079CCC3-21FF-42CC-A6DA-9313B1D44FF2}.Release|Any CPU.ActiveCfg = Release|Any CPU
		{9079CCC3-21FF-42CC-A6DA-9313B1D44FF2}.Release|Any CPU.Build.0 = Release|Any CPU
		{8299FB6C-56A3-44BC-B0F4-2513C3C97935}.Debug|Any CPU.ActiveCfg = Debug|Any CPU
		{8299FB6C-56A3-44BC-B0F4-2513C3C97935}.Debug|Any CPU.Build.0 = Debug|Any CPU
		{8299FB6C-56A3-44BC-B0F4-2513C3C97935}.Release|Any CPU.ActiveCfg = Release|Any CPU
		{8299FB6C-56A3-44BC-B0F4-2513C3C97935}.Release|Any CPU.Build.0 = Release|Any CPU
		{68CB6415-EF6C-4FAE-8A8B-A5C22BCDCE3A}.Debug|Any CPU.ActiveCfg = Debug|Any CPU
		{68CB6415-EF6C-4FAE-8A8B-A5C22BCDCE3A}.Debug|Any CPU.Build.0 = Debug|Any CPU
		{68CB6415-EF6C-4FAE-8A8B-A5C22BCDCE3A}.Release|Any CPU.ActiveCfg = Release|Any CPU
		{68CB6415-EF6C-4FAE-8A8B-A5C22BCDCE3A}.Release|Any CPU.Build.0 = Release|Any CPU
	EndGlobalSection
	GlobalSection(SolutionProperties) = preSolution
		HideSolutionNode = FALSE
	EndGlobalSection
EndGlobal
